Microsoft Visual Studio Solution File, Format Version 12.00
# Visual Studio Version 17
VisualStudioVersion = 17.5.2.0
MinimumVisualStudioVersion = 10.0.40219.1
Project("{2150E333-8FDC-42A3-9474-1A3956D46DE8}") = "test client", "test client", "{8F34D5FA-88D7-453F-F5D1-67E9CD50EE81}"
EndProject
Project("{FAE04EC0-301F-11D3-BF4B-00C04F79EFBC}") = "Assembly-CSharp-Editor", "test client\Assembly-CSharp-Editor.csproj", "{CFC756CB-AD73-821E-B7DF-FE9EB6A9E038}"
EndProject
Project("{FAE04EC0-301F-11D3-BF4B-00C04F79EFBC}") = "Assembly-CSharp", "test client\Assembly-CSharp.csproj", "{DCE16A4F-3663-E902-7142-A418FF1954CD}"
EndProject
Project("{FAE04EC0-301F-11D3-BF4B-00C04F79EFBC}") = "PPv2URPConverters", "test client\PPv2URPConverters.csproj", "{EA4B6DA5-072A-3C71-278A-C98E017EED22}"
EndProject
Project("{FAE04EC0-301F-11D3-BF4B-00C04F79EFBC}") = "Unity.AI.Navigation", "test client\Unity.AI.Navigation.csproj", "{1962892C-9A02-15E3-8AF6-18CBA6B27F63}"
EndProject
Project("{FAE04EC0-301F-11D3-BF4B-00C04F79EFBC}") = "Unity.AI.Navigation.Editor.ConversionSystem", "test client\Unity.AI.Navigation.Editor.ConversionSystem.csproj", "{757AB2A3-054C-5F14-944C-5D87882CF972}"
EndProject
Project("{FAE04EC0-301F-11D3-BF4B-00C04F79EFBC}") = "Unity.AI.Navigation.Editor", "test client\Unity.AI.Navigation.Editor.csproj", "{032FAAEB-8AE3-055E-A034-F60367F638C3}"
EndProject
Project("{FAE04EC0-301F-11D3-BF4B-00C04F79EFBC}") = "Unity.AI.Navigation.Updater", "test client\Unity.AI.Navigation.Updater.csproj", "{EF7F5590-3787-CC8A-75B8-347BD4AF41A8}"
EndProject
Project("{FAE04EC0-301F-11D3-BF4B-00C04F79EFBC}") = "Unity.Burst.CodeGen", "test client\Unity.Burst.CodeGen.csproj", "{BC5D8642-926A-3A6C-3589-B31306054B67}"
EndProject
Project("{FAE04EC0-301F-11D3-BF4B-00C04F79EFBC}") = "Unity.Burst", "test client\Unity.Burst.csproj", "{4EF45105-9938-D09D-02E8-76660E6EB4F9}"
EndProject
Project("{FAE04EC0-301F-11D3-BF4B-00C04F79EFBC}") = "Unity.Burst.Editor", "test client\Unity.Burst.Editor.csproj", "{C4E8D577-5CC8-E711-2234-056D6B3F2D0A}"
EndProject
Project("{FAE04EC0-301F-11D3-BF4B-00C04F79EFBC}") = "Unity.CollabProxy.Editor", "test client\Unity.CollabProxy.Editor.csproj", "{F806DE67-7FE7-D84B-7ACA-792A4FB50F02}"
EndProject
Project("{FAE04EC0-301F-11D3-BF4B-00C04F79EFBC}") = "Unity.Collections.CodeGen", "test client\Unity.Collections.CodeGen.csproj", "{FBFA56C1-FD65-FEAD-E106-15C0EDEA6ACD}"
EndProject
Project("{FAE04EC0-301F-11D3-BF4B-00C04F79EFBC}") = "Unity.Collections", "test client\Unity.Collections.csproj", "{A5689216-CB4C-E4DB-81D4-5F9FA578B85F}"
EndProject
Project("{FAE04EC0-301F-11D3-BF4B-00C04F79EFBC}") = "Unity.Collections.Editor", "test client\Unity.Collections.Editor.csproj", "{3EFC7D87-7BE8-DA7E-FE3B-864E7553C668}"
EndProject
Project("{FAE04EC0-301F-11D3-BF4B-00C04F79EFBC}") = "Unity.InputSystem", "test client\Unity.InputSystem.csproj", "{0C049EFC-7B44-3F22-A9ED-F3179990B534}"
EndProject
Project("{FAE04EC0-301F-11D3-BF4B-00C04F79EFBC}") = "Unity.InputSystem.DocCodeSamples", "test client\Unity.InputSystem.DocCodeSamples.csproj", "{0D5B92F3-1E89-5E64-54A3-73710707D15B}"
EndProject
Project("{FAE04EC0-301F-11D3-BF4B-00C04F79EFBC}") = "Unity.InputSystem.ForUI", "test client\Unity.InputSystem.ForUI.csproj", "{0183D036-BD69-BAC6-5863-B0D651518AA3}"
EndProject
Project("{FAE04EC0-301F-11D3-BF4B-00C04F79EFBC}") = "Unity.InputSystem.TestFramework", "test client\Unity.InputSystem.TestFramework.csproj", "{EFBB53B8-5CE0-FDDC-8ED5-6F0971006F5E}"
EndProject
Project("{FAE04EC0-301F-11D3-BF4B-00C04F79EFBC}") = "Unity.Mathematics", "test client\Unity.Mathematics.csproj", "{54FFCAE8-9A1C-2DCC-A941-94B40E927F06}"
EndProject
Project("{FAE04EC0-301F-11D3-BF4B-00C04F79EFBC}") = "Unity.Mathematics.Editor", "test client\Unity.Mathematics.Editor.csproj", "{8BB13898-C51B-F0BF-237A-5A22D9EEDD12}"
EndProject
Project("{FAE04EC0-301F-11D3-BF4B-00C04F79EFBC}") = "Unity.Multiplayer.Center.Common", "test client\Unity.Multiplayer.Center.Common.csproj", "{F164E5D2-8CB7-051F-74D0-BBA5590B0A2C}"
EndProject
Project("{FAE04EC0-301F-11D3-BF4B-00C04F79EFBC}") = "Unity.Multiplayer.Center.Editor", "test client\Unity.Multiplayer.Center.Editor.csproj", "{59684DA5-E97B-13C2-F590-EAC4E4C5F20A}"
EndProject
Project("{FAE04EC0-301F-11D3-BF4B-00C04F79EFBC}") = "Unity.PerformanceTesting", "test client\Unity.PerformanceTesting.csproj", "{7E53233B-857D-AB14-C30A-64B95D6B88EB}"
EndProject
Project("{FAE04EC0-301F-11D3-BF4B-00C04F79EFBC}") = "Unity.PerformanceTesting.Editor", "test client\Unity.PerformanceTesting.Editor.csproj", "{022031FA-B1F4-66A2-F5CE-06D07012654A}"
EndProject
Project("{FAE04EC0-301F-11D3-BF4B-00C04F79EFBC}") = "Unity.PlasticSCM.Editor", "test client\Unity.PlasticSCM.Editor.csproj", "{21026793-1617-F97D-920F-93F2217A47F5}"
EndProject
Project("{FAE04EC0-301F-11D3-BF4B-00C04F79EFBC}") = "Unity.PlasticSCM.Editor.Entities", "test client\Unity.PlasticSCM.Editor.Entities.csproj", "{2D128794-439D-20F2-220D-3B7E2F1ED9A8}"
EndProject
Project("{FAE04EC0-301F-11D3-BF4B-00C04F79EFBC}") = "Unity.Rendering.LightTransport.Editor", "test client\Unity.Rendering.LightTransport.Editor.csproj", "{13717B69-11DA-FB23-232C-2A2B21EC5FD6}"
EndProject
Project("{FAE04EC0-301F-11D3-BF4B-00C04F79EFBC}") = "Unity.Rendering.LightTransport.Runtime", "test client\Unity.Rendering.LightTransport.Runtime.csproj", "{CFA02150-D80E-264A-4B58-28AC5D49C548}"
EndProject
Project("{FAE04EC0-301F-11D3-BF4B-00C04F79EFBC}") = "Unity.RenderPipeline.Universal.ShaderLibrary", "test client\Unity.RenderPipeline.Universal.ShaderLibrary.csproj", "{BF4CC708-1AA7-C2F3-5E3E-3E095B874197}"
EndProject
Project("{FAE04EC0-301F-11D3-BF4B-00C04F79EFBC}") = "Unity.RenderPipelines.Core.Editor", "test client\Unity.RenderPipelines.Core.Editor.csproj", "{9F28528F-217D-24A9-6ADC-D2F849F22296}"
EndProject
Project("{FAE04EC0-301F-11D3-BF4B-00C04F79EFBC}") = "Unity.RenderPipelines.Core.Editor.Shared", "test client\Unity.RenderPipelines.Core.Editor.Shared.csproj", "{3F3A694E-8858-1219-62B9-6B4389FB79F8}"
EndProject
Project("{FAE04EC0-301F-11D3-BF4B-00C04F79EFBC}") = "Unity.RenderPipelines.Core.Runtime", "test client\Unity.RenderPipelines.Core.Runtime.csproj", "{7414AED8-2AFE-4994-B3D0-E5AB0360038A}"
EndProject
Project("{FAE04EC0-301F-11D3-BF4B-00C04F79EFBC}") = "Unity.RenderPipelines.Core.Runtime.Shared", "test client\Unity.RenderPipelines.Core.Runtime.Shared.csproj", "{2D1F9038-AF68-FC5E-23DA-56C708F29658}"
EndProject
Project("{FAE04EC0-301F-11D3-BF4B-00C04F79EFBC}") = "Unity.RenderPipelines.Core.ShaderLibrary", "test client\Unity.RenderPipelines.Core.ShaderLibrary.csproj", "{3FDE74CB-8F72-4329-0070-4AB50253AC1E}"
EndProject
Project("{FAE04EC0-301F-11D3-BF4B-00C04F79EFBC}") = "Unity.RenderPipelines.GPUDriven.Runtime", "test client\Unity.RenderPipelines.GPUDriven.Runtime.csproj", "{716B7D8D-D8EA-8482-BBE5-25427F286446}"
EndProject
Project("{FAE04EC0-301F-11D3-BF4B-00C04F79EFBC}") = "Unity.RenderPipelines.ShaderGraph.ShaderGraphLibrary", "test client\Unity.RenderPipelines.ShaderGraph.ShaderGraphLibrary.csproj", "{1D360787-E55F-6D8F-C44C-2469E590CCC4}"
EndProject
Project("{FAE04EC0-301F-11D3-BF4B-00C04F79EFBC}") = "Unity.RenderPipelines.Universal.2D.Runtime", "test client\Unity.RenderPipelines.Universal.2D.Runtime.csproj", "{02629CB3-E6DC-A610-A919-C5F94F6F96BB}"
EndProject
Project("{FAE04EC0-301F-11D3-BF4B-00C04F79EFBC}") = "Unity.RenderPipelines.Universal.Config.Runtime", "test client\Unity.RenderPipelines.Universal.Config.Runtime.csproj", "{6503879E-E16B-009A-A343-F86FDA1B1503}"
EndProject
Project("{FAE04EC0-301F-11D3-BF4B-00C04F79EFBC}") = "Unity.RenderPipelines.Universal.Editor", "test client\Unity.RenderPipelines.Universal.Editor.csproj", "{6CA4ABF1-1E19-75F6-E126-AF9CE2EC0819}"
EndProject
Project("{FAE04EC0-301F-11D3-BF4B-00C04F79EFBC}") = "Unity.RenderPipelines.Universal.Runtime", "test client\Unity.RenderPipelines.Universal.Runtime.csproj", "{A85040D6-E080-4B56-FB9E-4CB348AC57CC}"
EndProject
Project("{FAE04EC0-301F-11D3-BF4B-00C04F79EFBC}") = "Unity.RenderPipelines.Universal.Shaders", "test client\Unity.RenderPipelines.Universal.Shaders.csproj", "{CFB34713-AE86-F464-6C3A-261826A449EF}"
EndProject
Project("{FAE04EC0-301F-11D3-BF4B-00C04F79EFBC}") = "Unity.Rider.Editor", "test client\Unity.Rider.Editor.csproj", "{D82FCAF8-9756-3BF2-DA9A-A9FB7245D6AC}"
EndProject
Project("{FAE04EC0-301F-11D3-BF4B-00C04F79EFBC}") = "Unity.Searcher.Editor", "test client\Unity.Searcher.Editor.csproj", "{751491C8-7058-F0AC-81EF-C093BA3A0827}"
EndProject
Project("{FAE04EC0-301F-11D3-BF4B-00C04F79EFBC}") = "Unity.ShaderGraph.Editor", "test client\Unity.ShaderGraph.Editor.csproj", "{BD223ADF-6177-7673-54AF-FBCEF5191A82}"
EndProject
Project("{FAE04EC0-301F-11D3-BF4B-00C04F79EFBC}") = "Unity.ShaderGraph.Utilities", "test client\Unity.ShaderGraph.Utilities.csproj", "{4C2B0187-D519-EDC7-251F-12A478FDAD6D}"
EndProject
Project("{FAE04EC0-301F-11D3-BF4B-00C04F79EFBC}") = "Unity.TextMeshPro", "test client\Unity.TextMeshPro.csproj", "{DA5EDDD7-7EE5-15CD-75CF-C3482183E531}"
EndProject
Project("{FAE04EC0-301F-11D3-BF4B-00C04F79EFBC}") = "Unity.TextMeshPro.Editor", "test client\Unity.TextMeshPro.Editor.csproj", "{668176A0-60E9-B3F7-CDF0-59EA331B5670}"
EndProject
Project("{FAE04EC0-301F-11D3-BF4B-00C04F79EFBC}") = "Unity.Timeline", "test client\Unity.Timeline.csproj", "{BF085C64-FA8B-01E9-8F89-4FC883BE8298}"
EndProject
Project("{FAE04EC0-301F-11D3-BF4B-00C04F79EFBC}") = "Unity.Timeline.Editor", "test client\Unity.Timeline.Editor.csproj", "{1585441E-EAF6-F1B9-F915-514F79D125D9}"
EndProject
Project("{FAE04EC0-301F-11D3-BF4B-00C04F79EFBC}") = "Unity.VisualScripting.Core", "test client\Unity.VisualScripting.Core.csproj", "{5B5FB859-5DD0-86E8-49A8-477D56439492}"
EndProject
Project("{FAE04EC0-301F-11D3-BF4B-00C04F79EFBC}") = "Unity.VisualScripting.Core.Editor", "test client\Unity.VisualScripting.Core.Editor.csproj", "{50CA4A65-27FB-98BA-1B65-39485C3824E2}"
EndProject
Project("{FAE04EC0-301F-11D3-BF4B-00C04F79EFBC}") = "Unity.VisualScripting.DocCodeExamples", "test client\Unity.VisualScripting.DocCodeExamples.csproj", "{EC9EF08C-9DB3-F27C-88D2-AF25DDC5539B}"
EndProject
Project("{FAE04EC0-301F-11D3-BF4B-00C04F79EFBC}") = "Unity.VisualScripting.Flow", "test client\Unity.VisualScripting.Flow.csproj", "{CDBF694C-5D21-46F9-C5EC-8BA8F483ECF0}"
EndProject
Project("{FAE04EC0-301F-11D3-BF4B-00C04F79EFBC}") = "Unity.VisualScripting.Flow.Editor", "test client\Unity.VisualScripting.Flow.Editor.csproj", "{15B89E69-6E24-40C8-56FD-8EB54535E993}"
EndProject
Project("{FAE04EC0-301F-11D3-BF4B-00C04F79EFBC}") = "Unity.VisualScripting.SettingsProvider.Editor", "test client\Unity.VisualScripting.SettingsProvider.Editor.csproj", "{5A92DE42-FA8F-6C4A-C5C1-D9B835FB662D}"
EndProject
Project("{FAE04EC0-301F-11D3-BF4B-00C04F79EFBC}") = "Unity.VisualScripting.Shared.Editor", "test client\Unity.VisualScripting.Shared.Editor.csproj", "{C2BE405D-85DE-15A7-9F2B-D4AA9568F4B9}"
EndProject
Project("{FAE04EC0-301F-11D3-BF4B-00C04F79EFBC}") = "Unity.VisualScripting.State", "test client\Unity.VisualScripting.State.csproj", "{3ACA2F9A-45AC-0E37-4217-24F8F3B2F577}"
EndProject
Project("{FAE04EC0-301F-11D3-BF4B-00C04F79EFBC}") = "Unity.VisualScripting.State.Editor", "test client\Unity.VisualScripting.State.Editor.csproj", "{849C1AE4-D1DE-51F6-0F08-21B6971763C1}"
EndProject
Project("{FAE04EC0-301F-11D3-BF4B-00C04F79EFBC}") = "Unity.VisualStudio.Editor", "test client\Unity.VisualStudio.Editor.csproj", "{E114F2E1-F148-DEA4-8A50-C7F8B436B8D1}"
EndProject
Project("{FAE04EC0-301F-11D3-BF4B-00C04F79EFBC}") = "UnityEditor.TestRunner", "test client\UnityEditor.TestRunner.csproj", "{8C478585-D9E3-FCF9-BDD7-D45AA762821B}"
EndProject
Project("{FAE04EC0-301F-11D3-BF4B-00C04F79EFBC}") = "UnityEditor.UI", "test client\UnityEditor.UI.csproj", "{BB0A51EF-D640-185B-14D1-04E032EE653A}"
EndProject
Project("{FAE04EC0-301F-11D3-BF4B-00C04F79EFBC}") = "UnityEngine.TestRunner", "test client\UnityEngine.TestRunner.csproj", "{95EF0537-9644-35B1-C103-859D1041683B}"
EndProject
Project("{FAE04EC0-301F-11D3-BF4B-00C04F79EFBC}") = "UnityEngine.UI", "test client\UnityEngine.UI.csproj", "{4ACA7D5C-7D91-73F9-A6FC-A7D3F7A8B2B9}"
EndProject
Global
	GlobalSection(SolutionConfigurationPlatforms) = preSolution
		Debug|Any CPU = Debug|Any CPU
		Release|Any CPU = Release|Any CPU
	EndGlobalSection
	GlobalSection(ProjectConfigurationPlatforms) = postSolution
		{CFC756CB-AD73-821E-B7DF-FE9EB6A9E038}.Debug|Any CPU.ActiveCfg = Debug|Any CPU
		{CFC756CB-AD73-821E-B7DF-FE9EB6A9E038}.Debug|Any CPU.Build.0 = Debug|Any CPU
		{CFC756CB-AD73-821E-B7DF-FE9EB6A9E038}.Release|Any CPU.ActiveCfg = Release|Any CPU
		{CFC756CB-AD73-821E-B7DF-FE9EB6A9E038}.Release|Any CPU.Build.0 = Release|Any CPU
		{DCE16A4F-3663-E902-7142-A418FF1954CD}.Debug|Any CPU.ActiveCfg = Debug|Any CPU
		{DCE16A4F-3663-E902-7142-A418FF1954CD}.Debug|Any CPU.Build.0 = Debug|Any CPU
		{DCE16A4F-3663-E902-7142-A418FF1954CD}.Release|Any CPU.ActiveCfg = Release|Any CPU
		{DCE16A4F-3663-E902-7142-A418FF1954CD}.Release|Any CPU.Build.0 = Release|Any CPU
		{EA4B6DA5-072A-3C71-278A-C98E017EED22}.Debug|Any CPU.ActiveCfg = Debug|Any CPU
		{EA4B6DA5-072A-3C71-278A-C98E017EED22}.Debug|Any CPU.Build.0 = Debug|Any CPU
		{EA4B6DA5-072A-3C71-278A-C98E017EED22}.Release|Any CPU.ActiveCfg = Release|Any CPU
		{EA4B6DA5-072A-3C71-278A-C98E017EED22}.Release|Any CPU.Build.0 = Release|Any CPU
		{1962892C-9A02-15E3-8AF6-18CBA6B27F63}.Debug|Any CPU.ActiveCfg = Debug|Any CPU
		{1962892C-9A02-15E3-8AF6-18CBA6B27F63}.Debug|Any CPU.Build.0 = Debug|Any CPU
		{1962892C-9A02-15E3-8AF6-18CBA6B27F63}.Release|Any CPU.ActiveCfg = Release|Any CPU
		{1962892C-9A02-15E3-8AF6-18CBA6B27F63}.Release|Any CPU.Build.0 = Release|Any CPU
		{757AB2A3-054C-5F14-944C-5D87882CF972}.Debug|Any CPU.ActiveCfg = Debug|Any CPU
		{757AB2A3-054C-5F14-944C-5D87882CF972}.Debug|Any CPU.Build.0 = Debug|Any CPU
		{757AB2A3-054C-5F14-944C-5D87882CF972}.Release|Any CPU.ActiveCfg = Release|Any CPU
		{757AB2A3-054C-5F14-944C-5D87882CF972}.Release|Any CPU.Build.0 = Release|Any CPU
		{032FAAEB-8AE3-055E-A034-F60367F638C3}.Debug|Any CPU.ActiveCfg = Debug|Any CPU
		{032FAAEB-8AE3-055E-A034-F60367F638C3}.Debug|Any CPU.Build.0 = Debug|Any CPU
		{032FAAEB-8AE3-055E-A034-F60367F638C3}.Release|Any CPU.ActiveCfg = Release|Any CPU
		{032FAAEB-8AE3-055E-A034-F60367F638C3}.Release|Any CPU.Build.0 = Release|Any CPU
		{EF7F5590-3787-CC8A-75B8-347BD4AF41A8}.Debug|Any CPU.ActiveCfg = Debug|Any CPU
		{EF7F5590-3787-CC8A-75B8-347BD4AF41A8}.Debug|Any CPU.Build.0 = Debug|Any CPU
		{EF7F5590-3787-CC8A-75B8-347BD4AF41A8}.Release|Any CPU.ActiveCfg = Release|Any CPU
		{EF7F5590-3787-CC8A-75B8-347BD4AF41A8}.Release|Any CPU.Build.0 = Release|Any CPU
		{BC5D8642-926A-3A6C-3589-B31306054B67}.Debug|Any CPU.ActiveCfg = Debug|Any CPU
		{BC5D8642-926A-3A6C-3589-B31306054B67}.Debug|Any CPU.Build.0 = Debug|Any CPU
		{BC5D8642-926A-3A6C-3589-B31306054B67}.Release|Any CPU.ActiveCfg = Release|Any CPU
		{BC5D8642-926A-3A6C-3589-B31306054B67}.Release|Any CPU.Build.0 = Release|Any CPU
		{4EF45105-9938-D09D-02E8-76660E6EB4F9}.Debug|Any CPU.ActiveCfg = Debug|Any CPU
		{4EF45105-9938-D09D-02E8-76660E6EB4F9}.Debug|Any CPU.Build.0 = Debug|Any CPU
		{4EF45105-9938-D09D-02E8-76660E6EB4F9}.Release|Any CPU.ActiveCfg = Release|Any CPU
		{4EF45105-9938-D09D-02E8-76660E6EB4F9}.Release|Any CPU.Build.0 = Release|Any CPU
		{C4E8D577-5CC8-E711-2234-056D6B3F2D0A}.Debug|Any CPU.ActiveCfg = Debug|Any CPU
		{C4E8D577-5CC8-E711-2234-056D6B3F2D0A}.Debug|Any CPU.Build.0 = Debug|Any CPU
		{C4E8D577-5CC8-E711-2234-056D6B3F2D0A}.Release|Any CPU.ActiveCfg = Release|Any CPU
		{C4E8D577-5CC8-E711-2234-056D6B3F2D0A}.Release|Any CPU.Build.0 = Release|Any CPU
		{F806DE67-7FE7-D84B-7ACA-792A4FB50F02}.Debug|Any CPU.ActiveCfg = Debug|Any CPU
		{F806DE67-7FE7-D84B-7ACA-792A4FB50F02}.Debug|Any CPU.Build.0 = Debug|Any CPU
		{F806DE67-7FE7-D84B-7ACA-792A4FB50F02}.Release|Any CPU.ActiveCfg = Release|Any CPU
		{F806DE67-7FE7-D84B-7ACA-792A4FB50F02}.Release|Any CPU.Build.0 = Release|Any CPU
		{FBFA56C1-FD65-FEAD-E106-15C0EDEA6ACD}.Debug|Any CPU.ActiveCfg = Debug|Any CPU
		{FBFA56C1-FD65-FEAD-E106-15C0EDEA6ACD}.Debug|Any CPU.Build.0 = Debug|Any CPU
		{FBFA56C1-FD65-FEAD-E106-15C0EDEA6ACD}.Release|Any CPU.ActiveCfg = Release|Any CPU
		{FBFA56C1-FD65-FEAD-E106-15C0EDEA6ACD}.Release|Any CPU.Build.0 = Release|Any CPU
		{A5689216-CB4C-E4DB-81D4-5F9FA578B85F}.Debug|Any CPU.ActiveCfg = Debug|Any CPU
		{A5689216-CB4C-E4DB-81D4-5F9FA578B85F}.Debug|Any CPU.Build.0 = Debug|Any CPU
		{A5689216-CB4C-E4DB-81D4-5F9FA578B85F}.Release|Any CPU.ActiveCfg = Release|Any CPU
		{A5689216-CB4C-E4DB-81D4-5F9FA578B85F}.Release|Any CPU.Build.0 = Release|Any CPU
		{3EFC7D87-7BE8-DA7E-FE3B-864E7553C668}.Debug|Any CPU.ActiveCfg = Debug|Any CPU
		{3EFC7D87-7BE8-DA7E-FE3B-864E7553C668}.Debug|Any CPU.Build.0 = Debug|Any CPU
		{3EFC7D87-7BE8-DA7E-FE3B-864E7553C668}.Release|Any CPU.ActiveCfg = Release|Any CPU
		{3EFC7D87-7BE8-DA7E-FE3B-864E7553C668}.Release|Any CPU.Build.0 = Release|Any CPU
		{0C049EFC-7B44-3F22-A9ED-F3179990B534}.Debug|Any CPU.ActiveCfg = Debug|Any CPU
		{0C049EFC-7B44-3F22-A9ED-F3179990B534}.Debug|Any CPU.Build.0 = Debug|Any CPU
		{0C049EFC-7B44-3F22-A9ED-F3179990B534}.Release|Any CPU.ActiveCfg = Release|Any CPU
		{0C049EFC-7B44-3F22-A9ED-F3179990B534}.Release|Any CPU.Build.0 = Release|Any CPU
		{0D5B92F3-1E89-5E64-54A3-73710707D15B}.Debug|Any CPU.ActiveCfg = Debug|Any CPU
		{0D5B92F3-1E89-5E64-54A3-73710707D15B}.Debug|Any CPU.Build.0 = Debug|Any CPU
		{0D5B92F3-1E89-5E64-54A3-73710707D15B}.Release|Any CPU.ActiveCfg = Release|Any CPU
		{0D5B92F3-1E89-5E64-54A3-73710707D15B}.Release|Any CPU.Build.0 = Release|Any CPU
		{0183D036-BD69-BAC6-5863-B0D651518AA3}.Debug|Any CPU.ActiveCfg = Debug|Any CPU
		{0183D036-BD69-BAC6-5863-B0D651518AA3}.Debug|Any CPU.Build.0 = Debug|Any CPU
		{0183D036-BD69-BAC6-5863-B0D651518AA3}.Release|Any CPU.ActiveCfg = Release|Any CPU
		{0183D036-BD69-BAC6-5863-B0D651518AA3}.Release|Any CPU.Build.0 = Release|Any CPU
		{EFBB53B8-5CE0-FDDC-8ED5-6F0971006F5E}.Debug|Any CPU.ActiveCfg = Debug|Any CPU
		{EFBB53B8-5CE0-FDDC-8ED5-6F0971006F5E}.Debug|Any CPU.Build.0 = Debug|Any CPU
		{EFBB53B8-5CE0-FDDC-8ED5-6F0971006F5E}.Release|Any CPU.ActiveCfg = Release|Any CPU
		{EFBB53B8-5CE0-FDDC-8ED5-6F0971006F5E}.Release|Any CPU.Build.0 = Release|Any CPU
		{54FFCAE8-9A1C-2DCC-A941-94B40E927F06}.Debug|Any CPU.ActiveCfg = Debug|Any CPU
		{54FFCAE8-9A1C-2DCC-A941-94B40E927F06}.Debug|Any CPU.Build.0 = Debug|Any CPU
		{54FFCAE8-9A1C-2DCC-A941-94B40E927F06}.Release|Any CPU.ActiveCfg = Release|Any CPU
		{54FFCAE8-9A1C-2DCC-A941-94B40E927F06}.Release|Any CPU.Build.0 = Release|Any CPU
		{8BB13898-C51B-F0BF-237A-5A22D9EEDD12}.Debug|Any CPU.ActiveCfg = Debug|Any CPU
		{8BB13898-C51B-F0BF-237A-5A22D9EEDD12}.Debug|Any CPU.Build.0 = Debug|Any CPU
		{8BB13898-C51B-F0BF-237A-5A22D9EEDD12}.Release|Any CPU.ActiveCfg = Release|Any CPU
		{8BB13898-C51B-F0BF-237A-5A22D9EEDD12}.Release|Any CPU.Build.0 = Release|Any CPU
		{F164E5D2-8CB7-051F-74D0-BBA5590B0A2C}.Debug|Any CPU.ActiveCfg = Debug|Any CPU
		{F164E5D2-8CB7-051F-74D0-BBA5590B0A2C}.Debug|Any CPU.Build.0 = Debug|Any CPU
		{F164E5D2-8CB7-051F-74D0-BBA5590B0A2C}.Release|Any CPU.ActiveCfg = Release|Any CPU
		{F164E5D2-8CB7-051F-74D0-BBA5590B0A2C}.Release|Any CPU.Build.0 = Release|Any CPU
		{59684DA5-E97B-13C2-F590-EAC4E4C5F20A}.Debug|Any CPU.ActiveCfg = Debug|Any CPU
		{59684DA5-E97B-13C2-F590-EAC4E4C5F20A}.Debug|Any CPU.Build.0 = Debug|Any CPU
		{59684DA5-E97B-13C2-F590-EAC4E4C5F20A}.Release|Any CPU.ActiveCfg = Release|Any CPU
		{59684DA5-E97B-13C2-F590-EAC4E4C5F20A}.Release|Any CPU.Build.0 = Release|Any CPU
		{7E53233B-857D-AB14-C30A-64B95D6B88EB}.Debug|Any CPU.ActiveCfg = Debug|Any CPU
		{7E53233B-857D-AB14-C30A-64B95D6B88EB}.Debug|Any CPU.Build.0 = Debug|Any CPU
		{7E53233B-857D-AB14-C30A-64B95D6B88EB}.Release|Any CPU.ActiveCfg = Release|Any CPU
		{7E53233B-857D-AB14-C30A-64B95D6B88EB}.Release|Any CPU.Build.0 = Release|Any CPU
		{022031FA-B1F4-66A2-F5CE-06D07012654A}.Debug|Any CPU.ActiveCfg = Debug|Any CPU
		{022031FA-B1F4-66A2-F5CE-06D07012654A}.Debug|Any CPU.Build.0 = Debug|Any CPU
		{022031FA-B1F4-66A2-F5CE-06D07012654A}.Release|Any CPU.ActiveCfg = Release|Any CPU
		{022031FA-B1F4-66A2-F5CE-06D07012654A}.Release|Any CPU.Build.0 = Release|Any CPU
		{21026793-1617-F97D-920F-93F2217A47F5}.Debug|Any CPU.ActiveCfg = Debug|Any CPU
		{21026793-1617-F97D-920F-93F2217A47F5}.Debug|Any CPU.Build.0 = Debug|Any CPU
		{21026793-1617-F97D-920F-93F2217A47F5}.Release|Any CPU.ActiveCfg = Release|Any CPU
		{21026793-1617-F97D-920F-93F2217A47F5}.Release|Any CPU.Build.0 = Release|Any CPU
		{2D128794-439D-20F2-220D-3B7E2F1ED9A8}.Debug|Any CPU.ActiveCfg = Debug|Any CPU
		{2D128794-439D-20F2-220D-3B7E2F1ED9A8}.Debug|Any CPU.Build.0 = Debug|Any CPU
		{2D128794-439D-20F2-220D-3B7E2F1ED9A8}.Release|Any CPU.ActiveCfg = Release|Any CPU
		{2D128794-439D-20F2-220D-3B7E2F1ED9A8}.Release|Any CPU.Build.0 = Release|Any CPU
		{13717B69-11DA-FB23-232C-2A2B21EC5FD6}.Debug|Any CPU.ActiveCfg = Debug|Any CPU
		{13717B69-11DA-FB23-232C-2A2B21EC5FD6}.Debug|Any CPU.Build.0 = Debug|Any CPU
		{13717B69-11DA-FB23-232C-2A2B21EC5FD6}.Release|Any CPU.ActiveCfg = Release|Any CPU
		{13717B69-11DA-FB23-232C-2A2B21EC5FD6}.Release|Any CPU.Build.0 = Release|Any CPU
		{CFA02150-D80E-264A-4B58-28AC5D49C548}.Debug|Any CPU.ActiveCfg = Debug|Any CPU
		{CFA02150-D80E-264A-4B58-28AC5D49C548}.Debug|Any CPU.Build.0 = Debug|Any CPU
		{CFA02150-D80E-264A-4B58-28AC5D49C548}.Release|Any CPU.ActiveCfg = Release|Any CPU
		{CFA02150-D80E-264A-4B58-28AC5D49C548}.Release|Any CPU.Build.0 = Release|Any CPU
		{BF4CC708-1AA7-C2F3-5E3E-3E095B874197}.Debug|Any CPU.ActiveCfg = Debug|Any CPU
		{BF4CC708-1AA7-C2F3-5E3E-3E095B874197}.Debug|Any CPU.Build.0 = Debug|Any CPU
		{BF4CC708-1AA7-C2F3-5E3E-3E095B874197}.Release|Any CPU.ActiveCfg = Release|Any CPU
		{BF4CC708-1AA7-C2F3-5E3E-3E095B874197}.Release|Any CPU.Build.0 = Release|Any CPU
		{9F28528F-217D-24A9-6ADC-D2F849F22296}.Debug|Any CPU.ActiveCfg = Debug|Any CPU
		{9F28528F-217D-24A9-6ADC-D2F849F22296}.Debug|Any CPU.Build.0 = Debug|Any CPU
		{9F28528F-217D-24A9-6ADC-D2F849F22296}.Release|Any CPU.ActiveCfg = Release|Any CPU
		{9F28528F-217D-24A9-6ADC-D2F849F22296}.Release|Any CPU.Build.0 = Release|Any CPU
		{3F3A694E-8858-1219-62B9-6B4389FB79F8}.Debug|Any CPU.ActiveCfg = Debug|Any CPU
		{3F3A694E-8858-1219-62B9-6B4389FB79F8}.Debug|Any CPU.Build.0 = Debug|Any CPU
		{3F3A694E-8858-1219-62B9-6B4389FB79F8}.Release|Any CPU.ActiveCfg = Release|Any CPU
		{3F3A694E-8858-1219-62B9-6B4389FB79F8}.Release|Any CPU.Build.0 = Release|Any CPU
		{7414AED8-2AFE-4994-B3D0-E5AB0360038A}.Debug|Any CPU.ActiveCfg = Debug|Any CPU
		{7414AED8-2AFE-4994-B3D0-E5AB0360038A}.Debug|Any CPU.Build.0 = Debug|Any CPU
		{7414AED8-2AFE-4994-B3D0-E5AB0360038A}.Release|Any CPU.ActiveCfg = Release|Any CPU
		{7414AED8-2AFE-4994-B3D0-E5AB0360038A}.Release|Any CPU.Build.0 = Release|Any CPU
		{2D1F9038-AF68-FC5E-23DA-56C708F29658}.Debug|Any CPU.ActiveCfg = Debug|Any CPU
		{2D1F9038-AF68-FC5E-23DA-56C708F29658}.Debug|Any CPU.Build.0 = Debug|Any CPU
		{2D1F9038-AF68-FC5E-23DA-56C708F29658}.Release|Any CPU.ActiveCfg = Release|Any CPU
		{2D1F9038-AF68-FC5E-23DA-56C708F29658}.Release|Any CPU.Build.0 = Release|Any CPU
		{3FDE74CB-8F72-4329-0070-4AB50253AC1E}.Debug|Any CPU.ActiveCfg = Debug|Any CPU
		{3FDE74CB-8F72-4329-0070-4AB50253AC1E}.Debug|Any CPU.Build.0 = Debug|Any CPU
		{3FDE74CB-8F72-4329-0070-4AB50253AC1E}.Release|Any CPU.ActiveCfg = Release|Any CPU
		{3FDE74CB-8F72-4329-0070-4AB50253AC1E}.Release|Any CPU.Build.0 = Release|Any CPU
		{716B7D8D-D8EA-8482-BBE5-25427F286446}.Debug|Any CPU.ActiveCfg = Debug|Any CPU
		{716B7D8D-D8EA-8482-BBE5-25427F286446}.Debug|Any CPU.Build.0 = Debug|Any CPU
		{716B7D8D-D8EA-8482-BBE5-25427F286446}.Release|Any CPU.ActiveCfg = Release|Any CPU
		{716B7D8D-D8EA-8482-BBE5-25427F286446}.Release|Any CPU.Build.0 = Release|Any CPU
		{1D360787-E55F-6D8F-C44C-2469E590CCC4}.Debug|Any CPU.ActiveCfg = Debug|Any CPU
		{1D360787-E55F-6D8F-C44C-2469E590CCC4}.Debug|Any CPU.Build.0 = Debug|Any CPU
		{1D360787-E55F-6D8F-C44C-2469E590CCC4}.Release|Any CPU.ActiveCfg = Release|Any CPU
		{1D360787-E55F-6D8F-C44C-2469E590CCC4}.Release|Any CPU.Build.0 = Release|Any CPU
		{02629CB3-E6DC-A610-A919-C5F94F6F96BB}.Debug|Any CPU.ActiveCfg = Debug|Any CPU
		{02629CB3-E6DC-A610-A919-C5F94F6F96BB}.Debug|Any CPU.Build.0 = Debug|Any CPU
		{02629CB3-E6DC-A610-A919-C5F94F6F96BB}.Release|Any CPU.ActiveCfg = Release|Any CPU
		{02629CB3-E6DC-A610-A919-C5F94F6F96BB}.Release|Any CPU.Build.0 = Release|Any CPU
		{6503879E-E16B-009A-A343-F86FDA1B1503}.Debug|Any CPU.ActiveCfg = Debug|Any CPU
		{6503879E-E16B-009A-A343-F86FDA1B1503}.Debug|Any CPU.Build.0 = Debug|Any CPU
		{6503879E-E16B-009A-A343-F86FDA1B1503}.Release|Any CPU.ActiveCfg = Release|Any CPU
		{6503879E-E16B-009A-A343-F86FDA1B1503}.Release|Any CPU.Build.0 = Release|Any CPU
		{6CA4ABF1-1E19-75F6-E126-AF9CE2EC0819}.Debug|Any CPU.ActiveCfg = Debug|Any CPU
		{6CA4ABF1-1E19-75F6-E126-AF9CE2EC0819}.Debug|Any CPU.Build.0 = Debug|Any CPU
		{6CA4ABF1-1E19-75F6-E126-AF9CE2EC0819}.Release|Any CPU.ActiveCfg = Release|Any CPU
		{6CA4ABF1-1E19-75F6-E126-AF9CE2EC0819}.Release|Any CPU.Build.0 = Release|Any CPU
		{A85040D6-E080-4B56-FB9E-4CB348AC57CC}.Debug|Any CPU.ActiveCfg = Debug|Any CPU
		{A85040D6-E080-4B56-FB9E-4CB348AC57CC}.Debug|Any CPU.Build.0 = Debug|Any CPU
		{A85040D6-E080-4B56-FB9E-4CB348AC57CC}.Release|Any CPU.ActiveCfg = Release|Any CPU
		{A85040D6-E080-4B56-FB9E-4CB348AC57CC}.Release|Any CPU.Build.0 = Release|Any CPU
		{CFB34713-AE86-F464-6C3A-261826A449EF}.Debug|Any CPU.ActiveCfg = Debug|Any CPU
		{CFB34713-AE86-F464-6C3A-261826A449EF}.Debug|Any CPU.Build.0 = Debug|Any CPU
		{CFB34713-AE86-F464-6C3A-261826A449EF}.Release|Any CPU.ActiveCfg = Release|Any CPU
		{CFB34713-AE86-F464-6C3A-261826A449EF}.Release|Any CPU.Build.0 = Release|Any CPU
		{D82FCAF8-9756-3BF2-DA9A-A9FB7245D6AC}.Debug|Any CPU.ActiveCfg = Debug|Any CPU
		{D82FCAF8-9756-3BF2-DA9A-A9FB7245D6AC}.Debug|Any CPU.Build.0 = Debug|Any CPU
		{D82FCAF8-9756-3BF2-DA9A-A9FB7245D6AC}.Release|Any CPU.ActiveCfg = Release|Any CPU
		{D82FCAF8-9756-3BF2-DA9A-A9FB7245D6AC}.Release|Any CPU.Build.0 = Release|Any CPU
		{751491C8-7058-F0AC-81EF-C093BA3A0827}.Debug|Any CPU.ActiveCfg = Debug|Any CPU
		{751491C8-7058-F0AC-81EF-C093BA3A0827}.Debug|Any CPU.Build.0 = Debug|Any CPU
		{751491C8-7058-F0AC-81EF-C093BA3A0827}.Release|Any CPU.ActiveCfg = Release|Any CPU
		{751491C8-7058-F0AC-81EF-C093BA3A0827}.Release|Any CPU.Build.0 = Release|Any CPU
		{BD223ADF-6177-7673-54AF-FBCEF5191A82}.Debug|Any CPU.ActiveCfg = Debug|Any CPU
		{BD223ADF-6177-7673-54AF-FBCEF5191A82}.Debug|Any CPU.Build.0 = Debug|Any CPU
		{BD223ADF-6177-7673-54AF-FBCEF5191A82}.Release|Any CPU.ActiveCfg = Release|Any CPU
		{BD223ADF-6177-7673-54AF-FBCEF5191A82}.Release|Any CPU.Build.0 = Release|Any CPU
		{4C2B0187-D519-EDC7-251F-12A478FDAD6D}.Debug|Any CPU.ActiveCfg = Debug|Any CPU
		{4C2B0187-D519-EDC7-251F-12A478FDAD6D}.Debug|Any CPU.Build.0 = Debug|Any CPU
		{4C2B0187-D519-EDC7-251F-12A478FDAD6D}.Release|Any CPU.ActiveCfg = Release|Any CPU
		{4C2B0187-D519-EDC7-251F-12A478FDAD6D}.Release|Any CPU.Build.0 = Release|Any CPU
		{DA5EDDD7-7EE5-15CD-75CF-C3482183E531}.Debug|Any CPU.ActiveCfg = Debug|Any CPU
		{DA5EDDD7-7EE5-15CD-75CF-C3482183E531}.Debug|Any CPU.Build.0 = Debug|Any CPU
		{DA5EDDD7-7EE5-15CD-75CF-C3482183E531}.Release|Any CPU.ActiveCfg = Release|Any CPU
		{DA5EDDD7-7EE5-15CD-75CF-C3482183E531}.Release|Any CPU.Build.0 = Release|Any CPU
		{668176A0-60E9-B3F7-CDF0-59EA331B5670}.Debug|Any CPU.ActiveCfg = Debug|Any CPU
		{668176A0-60E9-B3F7-CDF0-59EA331B5670}.Debug|Any CPU.Build.0 = Debug|Any CPU
		{668176A0-60E9-B3F7-CDF0-59EA331B5670}.Release|Any CPU.ActiveCfg = Release|Any CPU
		{668176A0-60E9-B3F7-CDF0-59EA331B5670}.Release|Any CPU.Build.0 = Release|Any CPU
		{BF085C64-FA8B-01E9-8F89-4FC883BE8298}.Debug|Any CPU.ActiveCfg = Debug|Any CPU
		{BF085C64-FA8B-01E9-8F89-4FC883BE8298}.Debug|Any CPU.Build.0 = Debug|Any CPU
		{BF085C64-FA8B-01E9-8F89-4FC883BE8298}.Release|Any CPU.ActiveCfg = Release|Any CPU
		{BF085C64-FA8B-01E9-8F89-4FC883BE8298}.Release|Any CPU.Build.0 = Release|Any CPU
		{1585441E-EAF6-F1B9-F915-514F79D125D9}.Debug|Any CPU.ActiveCfg = Debug|Any CPU
		{1585441E-EAF6-F1B9-F915-514F79D125D9}.Debug|Any CPU.Build.0 = Debug|Any CPU
		{1585441E-EAF6-F1B9-F915-514F79D125D9}.Release|Any CPU.ActiveCfg = Release|Any CPU
		{1585441E-EAF6-F1B9-F915-514F79D125D9}.Release|Any CPU.Build.0 = Release|Any CPU
		{5B5FB859-5DD0-86E8-49A8-477D56439492}.Debug|Any CPU.ActiveCfg = Debug|Any CPU
		{5B5FB859-5DD0-86E8-49A8-477D56439492}.Debug|Any CPU.Build.0 = Debug|Any CPU
		{5B5FB859-5DD0-86E8-49A8-477D56439492}.Release|Any CPU.ActiveCfg = Release|Any CPU
		{5B5FB859-5DD0-86E8-49A8-477D56439492}.Release|Any CPU.Build.0 = Release|Any CPU
		{50CA4A65-27FB-98BA-1B65-39485C3824E2}.Debug|Any CPU.ActiveCfg = Debug|Any CPU
		{50CA4A65-27FB-98BA-1B65-39485C3824E2}.Debug|Any CPU.Build.0 = Debug|Any CPU
		{50CA4A65-27FB-98BA-1B65-39485C3824E2}.Release|Any CPU.ActiveCfg = Release|Any CPU
		{50CA4A65-27FB-98BA-1B65-39485C3824E2}.Release|Any CPU.Build.0 = Release|Any CPU
		{EC9EF08C-9DB3-F27C-88D2-AF25DDC5539B}.Debug|Any CPU.ActiveCfg = Debug|Any CPU
		{EC9EF08C-9DB3-F27C-88D2-AF25DDC5539B}.Debug|Any CPU.Build.0 = Debug|Any CPU
		{EC9EF08C-9DB3-F27C-88D2-AF25DDC5539B}.Release|Any CPU.ActiveCfg = Release|Any CPU
		{EC9EF08C-9DB3-F27C-88D2-AF25DDC5539B}.Release|Any CPU.Build.0 = Release|Any CPU
		{CDBF694C-5D21-46F9-C5EC-8BA8F483ECF0}.Debug|Any CPU.ActiveCfg = Debug|Any CPU
		{CDBF694C-5D21-46F9-C5EC-8BA8F483ECF0}.Debug|Any CPU.Build.0 = Debug|Any CPU
		{CDBF694C-5D21-46F9-C5EC-8BA8F483ECF0}.Release|Any CPU.ActiveCfg = Release|Any CPU
		{CDBF694C-5D21-46F9-C5EC-8BA8F483ECF0}.Release|Any CPU.Build.0 = Release|Any CPU
		{15B89E69-6E24-40C8-56FD-8EB54535E993}.Debug|Any CPU.ActiveCfg = Debug|Any CPU
		{15B89E69-6E24-40C8-56FD-8EB54535E993}.Debug|Any CPU.Build.0 = Debug|Any CPU
		{15B89E69-6E24-40C8-56FD-8EB54535E993}.Release|Any CPU.ActiveCfg = Release|Any CPU
		{15B89E69-6E24-40C8-56FD-8EB54535E993}.Release|Any CPU.Build.0 = Release|Any CPU
		{5A92DE42-FA8F-6C4A-C5C1-D9B835FB662D}.Debug|Any CPU.ActiveCfg = Debug|Any CPU
		{5A92DE42-FA8F-6C4A-C5C1-D9B835FB662D}.Debug|Any CPU.Build.0 = Debug|Any CPU
		{5A92DE42-FA8F-6C4A-C5C1-D9B835FB662D}.Release|Any CPU.ActiveCfg = Release|Any CPU
		{5A92DE42-FA8F-6C4A-C5C1-D9B835FB662D}.Release|Any CPU.Build.0 = Release|Any CPU
		{C2BE405D-85DE-15A7-9F2B-D4AA9568F4B9}.Debug|Any CPU.ActiveCfg = Debug|Any CPU
		{C2BE405D-85DE-15A7-9F2B-D4AA9568F4B9}.Debug|Any CPU.Build.0 = Debug|Any CPU
		{C2BE405D-85DE-15A7-9F2B-D4AA9568F4B9}.Release|Any CPU.ActiveCfg = Release|Any CPU
		{C2BE405D-85DE-15A7-9F2B-D4AA9568F4B9}.Release|Any CPU.Build.0 = Release|Any CPU
		{3ACA2F9A-45AC-0E37-4217-24F8F3B2F577}.Debug|Any CPU.ActiveCfg = Debug|Any CPU
		{3ACA2F9A-45AC-0E37-4217-24F8F3B2F577}.Debug|Any CPU.Build.0 = Debug|Any CPU
		{3ACA2F9A-45AC-0E37-4217-24F8F3B2F577}.Release|Any CPU.ActiveCfg = Release|Any CPU
		{3ACA2F9A-45AC-0E37-4217-24F8F3B2F577}.Release|Any CPU.Build.0 = Release|Any CPU
		{849C1AE4-D1DE-51F6-0F08-21B6971763C1}.Debug|Any CPU.ActiveCfg = Debug|Any CPU
		{849C1AE4-D1DE-51F6-0F08-21B6971763C1}.Debug|Any CPU.Build.0 = Debug|Any CPU
		{849C1AE4-D1DE-51F6-0F08-21B6971763C1}.Release|Any CPU.ActiveCfg = Release|Any CPU
		{849C1AE4-D1DE-51F6-0F08-21B6971763C1}.Release|Any CPU.Build.0 = Release|Any CPU
		{E114F2E1-F148-DEA4-8A50-C7F8B436B8D1}.Debug|Any CPU.ActiveCfg = Debug|Any CPU
		{E114F2E1-F148-DEA4-8A50-C7F8B436B8D1}.Debug|Any CPU.Build.0 = Debug|Any CPU
		{E114F2E1-F148-DEA4-8A50-C7F8B436B8D1}.Release|Any CPU.ActiveCfg = Release|Any CPU
		{E114F2E1-F148-DEA4-8A50-C7F8B436B8D1}.Release|Any CPU.Build.0 = Release|Any CPU
		{8C478585-D9E3-FCF9-BDD7-D45AA762821B}.Debug|Any CPU.ActiveCfg = Debug|Any CPU
		{8C478585-D9E3-FCF9-BDD7-D45AA762821B}.Debug|Any CPU.Build.0 = Debug|Any CPU
		{8C478585-D9E3-FCF9-BDD7-D45AA762821B}.Release|Any CPU.ActiveCfg = Release|Any CPU
		{8C478585-D9E3-FCF9-BDD7-D45AA762821B}.Release|Any CPU.Build.0 = Release|Any CPU
		{BB0A51EF-D640-185B-14D1-04E032EE653A}.Debug|Any CPU.ActiveCfg = Debug|Any CPU
		{BB0A51EF-D640-185B-14D1-04E032EE653A}.Debug|Any CPU.Build.0 = Debug|Any CPU
		{BB0A51EF-D640-185B-14D1-04E032EE653A}.Release|Any CPU.ActiveCfg = Release|Any CPU
		{BB0A51EF-D640-185B-14D1-04E032EE653A}.Release|Any CPU.Build.0 = Release|Any CPU
		{95EF0537-9644-35B1-C103-859D1041683B}.Debug|Any CPU.ActiveCfg = Debug|Any CPU
		{95EF0537-9644-35B1-C103-859D1041683B}.Debug|Any CPU.Build.0 = Debug|Any CPU
		{95EF0537-9644-35B1-C103-859D1041683B}.Release|Any CPU.ActiveCfg = Release|Any CPU
		{95EF0537-9644-35B1-C103-859D1041683B}.Release|Any CPU.Build.0 = Release|Any CPU
		{4ACA7D5C-7D91-73F9-A6FC-A7D3F7A8B2B9}.Debug|Any CPU.ActiveCfg = Debug|Any CPU
		{4ACA7D5C-7D91-73F9-A6FC-A7D3F7A8B2B9}.Debug|Any CPU.Build.0 = Debug|Any CPU
		{4ACA7D5C-7D91-73F9-A6FC-A7D3F7A8B2B9}.Release|Any CPU.ActiveCfg = Release|Any CPU
		{4ACA7D5C-7D91-73F9-A6FC-A7D3F7A8B2B9}.Release|Any CPU.Build.0 = Release|Any CPU
	EndGlobalSection
	GlobalSection(SolutionProperties) = preSolution
		HideSolutionNode = FALSE
	EndGlobalSection
	GlobalSection(NestedProjects) = preSolution
		{CFC756CB-AD73-821E-B7DF-FE9EB6A9E038} = {8F34D5FA-88D7-453F-F5D1-67E9CD50EE81}
		{DCE16A4F-3663-E902-7142-A418FF1954CD} = {8F34D5FA-88D7-453F-F5D1-67E9CD50EE81}
		{EA4B6DA5-072A-3C71-278A-C98E017EED22} = {8F34D5FA-88D7-453F-F5D1-67E9CD50EE81}
		{1962892C-9A02-15E3-8AF6-18CBA6B27F63} = {8F34D5FA-88D7-453F-F5D1-67E9CD50EE81}
		{757AB2A3-054C-5F14-944C-5D87882CF972} = {8F34D5FA-88D7-453F-F5D1-67E9CD50EE81}
		{032FAAEB-8AE3-055E-A034-F60367F638C3} = {8F34D5FA-88D7-453F-F5D1-67E9CD50EE81}
		{EF7F5590-3787-CC8A-75B8-347BD4AF41A8} = {8F34D5FA-88D7-453F-F5D1-67E9CD50EE81}
		{BC5D8642-926A-3A6C-3589-B31306054B67} = {8F34D5FA-88D7-453F-F5D1-67E9CD50EE81}
		{4EF45105-9938-D09D-02E8-76660E6EB4F9} = {8F34D5FA-88D7-453F-F5D1-67E9CD50EE81}
		{C4E8D577-5CC8-E711-2234-056D6B3F2D0A} = {8F34D5FA-88D7-453F-F5D1-67E9CD50EE81}
		{F806DE67-7FE7-D84B-7ACA-792A4FB50F02} = {8F34D5FA-88D7-453F-F5D1-67E9CD50EE81}
		{FBFA56C1-FD65-FEAD-E106-15C0EDEA6ACD} = {8F34D5FA-88D7-453F-F5D1-67E9CD50EE81}
		{A5689216-CB4C-E4DB-81D4-5F9FA578B85F} = {8F34D5FA-88D7-453F-F5D1-67E9CD50EE81}
		{3EFC7D87-7BE8-DA7E-FE3B-864E7553C668} = {8F34D5FA-88D7-453F-F5D1-67E9CD50EE81}
		{0C049EFC-7B44-3F22-A9ED-F3179990B534} = {8F34D5FA-88D7-453F-F5D1-67E9CD50EE81}
		{0D5B92F3-1E89-5E64-54A3-73710707D15B} = {8F34D5FA-88D7-453F-F5D1-67E9CD50EE81}
		{0183D036-BD69-BAC6-5863-B0D651518AA3} = {8F34D5FA-88D7-453F-F5D1-67E9CD50EE81}
		{EFBB53B8-5CE0-FDDC-8ED5-6F0971006F5E} = {8F34D5FA-88D7-453F-F5D1-67E9CD50EE81}
		{54FFCAE8-9A1C-2DCC-A941-94B40E927F06} = {8F34D5FA-88D7-453F-F5D1-67E9CD50EE81}
		{8BB13898-C51B-F0BF-237A-5A22D9EEDD12} = {8F34D5FA-88D7-453F-F5D1-67E9CD50EE81}
		{F164E5D2-8CB7-051F-74D0-BBA5590B0A2C} = {8F34D5FA-88D7-453F-F5D1-67E9CD50EE81}
		{59684DA5-E97B-13C2-F590-EAC4E4C5F20A} = {8F34D5FA-88D7-453F-F5D1-67E9CD50EE81}
		{7E53233B-857D-AB14-C30A-64B95D6B88EB} = {8F34D5FA-88D7-453F-F5D1-67E9CD50EE81}
		{022031FA-B1F4-66A2-F5CE-06D07012654A} = {8F34D5FA-88D7-453F-F5D1-67E9CD50EE81}
		{21026793-1617-F97D-920F-93F2217A47F5} = {8F34D5FA-88D7-453F-F5D1-67E9CD50EE81}
		{2D128794-439D-20F2-220D-3B7E2F1ED9A8} = {8F34D5FA-88D7-453F-F5D1-67E9CD50EE81}
		{13717B69-11DA-FB23-232C-2A2B21EC5FD6} = {8F34D5FA-88D7-453F-F5D1-67E9CD50EE81}
		{CFA02150-D80E-264A-4B58-28AC5D49C548} = {8F34D5FA-88D7-453F-F5D1-67E9CD50EE81}
		{BF4CC708-1AA7-C2F3-5E3E-3E095B874197} = {8F34D5FA-88D7-453F-F5D1-67E9CD50EE81}
		{9F28528F-217D-24A9-6ADC-D2F849F22296} = {8F34D5FA-88D7-453F-F5D1-67E9CD50EE81}
		{3F3A694E-8858-1219-62B9-6B4389FB79F8} = {8F34D5FA-88D7-453F-F5D1-67E9CD50EE81}
		{7414AED8-2AFE-4994-B3D0-E5AB0360038A} = {8F34D5FA-88D7-453F-F5D1-67E9CD50EE81}
		{2D1F9038-AF68-FC5E-23DA-56C708F29658} = {8F34D5FA-88D7-453F-F5D1-67E9CD50EE81}
		{3FDE74CB-8F72-4329-0070-4AB50253AC1E} = {8F34D5FA-88D7-453F-F5D1-67E9CD50EE81}
		{716B7D8D-D8EA-8482-BBE5-25427F286446} = {8F34D5FA-88D7-453F-F5D1-67E9CD50EE81}
		{1D360787-E55F-6D8F-C44C-2469E590CCC4} = {8F34D5FA-88D7-453F-F5D1-67E9CD50EE81}
		{02629CB3-E6DC-A610-A919-C5F94F6F96BB} = {8F34D5FA-88D7-453F-F5D1-67E9CD50EE81}
		{6503879E-E16B-009A-A343-F86FDA1B1503} = {8F34D5FA-88D7-453F-F5D1-67E9CD50EE81}
		{6CA4ABF1-1E19-75F6-E126-AF9CE2EC0819} = {8F34D5FA-88D7-453F-F5D1-67E9CD50EE81}
		{A85040D6-E080-4B56-FB9E-4CB348AC57CC} = {8F34D5FA-88D7-453F-F5D1-67E9CD50EE81}
		{CFB34713-AE86-F464-6C3A-261826A449EF} = {8F34D5FA-88D7-453F-F5D1-67E9CD50EE81}
		{D82FCAF8-9756-3BF2-DA9A-A9FB7245D6AC} = {8F34D5FA-88D7-453F-F5D1-67E9CD50EE81}
		{751491C8-7058-F0AC-81EF-C093BA3A0827} = {8F34D5FA-88D7-453F-F5D1-67E9CD50EE81}
		{BD223ADF-6177-7673-54AF-FBCEF5191A82} = {8F34D5FA-88D7-453F-F5D1-67E9CD50EE81}
		{4C2B0187-D519-EDC7-251F-12A478FDAD6D} = {8F34D5FA-88D7-453F-F5D1-67E9CD50EE81}
		{DA5EDDD7-7EE5-15CD-75CF-C3482183E531} = {8F34D5FA-88D7-453F-F5D1-67E9CD50EE81}
		{668176A0-60E9-B3F7-CDF0-59EA331B5670} = {8F34D5FA-88D7-453F-F5D1-67E9CD50EE81}
		{BF085C64-FA8B-01E9-8F89-4FC883BE8298} = {8F34D5FA-88D7-453F-F5D1-67E9CD50EE81}
		{1585441E-EAF6-F1B9-F915-514F79D125D9} = {8F34D5FA-88D7-453F-F5D1-67E9CD50EE81}
		{5B5FB859-5DD0-86E8-49A8-477D56439492} = {8F34D5FA-88D7-453F-F5D1-67E9CD50EE81}
		{50CA4A65-27FB-98BA-1B65-39485C3824E2} = {8F34D5FA-88D7-453F-F5D1-67E9CD50EE81}
		{EC9EF08C-9DB3-F27C-88D2-AF25DDC5539B} = {8F34D5FA-88D7-453F-F5D1-67E9CD50EE81}
		{CDBF694C-5D21-46F9-C5EC-8BA8F483ECF0} = {8F34D5FA-88D7-453F-F5D1-67E9CD50EE81}
		{15B89E69-6E24-40C8-56FD-8EB54535E993} = {8F34D5FA-88D7-453F-F5D1-67E9CD50EE81}
		{5A92DE42-FA8F-6C4A-C5C1-D9B835FB662D} = {8F34D5FA-88D7-453F-F5D1-67E9CD50EE81}
		{C2BE405D-85DE-15A7-9F2B-D4AA9568F4B9} = {8F34D5FA-88D7-453F-F5D1-67E9CD50EE81}
		{3ACA2F9A-45AC-0E37-4217-24F8F3B2F577} = {8F34D5FA-88D7-453F-F5D1-67E9CD50EE81}
		{849C1AE4-D1DE-51F6-0F08-21B6971763C1} = {8F34D5FA-88D7-453F-F5D1-67E9CD50EE81}
		{E114F2E1-F148-DEA4-8A50-C7F8B436B8D1} = {8F34D5FA-88D7-453F-F5D1-67E9CD50EE81}
		{8C478585-D9E3-FCF9-BDD7-D45AA762821B} = {8F34D5FA-88D7-453F-F5D1-67E9CD50EE81}
		{BB0A51EF-D640-185B-14D1-04E032EE653A} = {8F34D5FA-88D7-453F-F5D1-67E9CD50EE81}
		{95EF0537-9644-35B1-C103-859D1041683B} = {8F34D5FA-88D7-453F-F5D1-67E9CD50EE81}
		{4ACA7D5C-7D91-73F9-A6FC-A7D3F7A8B2B9} = {8F34D5FA-88D7-453F-F5D1-67E9CD50EE81}
	EndGlobalSection
	GlobalSection(ExtensibilityGlobals) = postSolution
		SolutionGuid = {D9201040-73A8-43D4-800A-1A28CBFCD2F7}
	EndGlobalSection
EndGlobal
